zsh-completions|https://github.com/zsh-users/zsh-completions.git|9903bae60284072de3fa0e3e20965f22368c5694
fzf-tab|https://github.com/Aloxaf/fzf-tab.git|24105b15714bfec37989ed5c5b6e60f572253019
zsh-autosuggestions|https://github.com/zsh-users/zsh-autosuggestions.git|85919cd1ffa7d2d5412f6d3fe437ebdbeeec4fc5
zsh-syntax-highlighting|https://github.com/zsh-users/zsh-syntax-highlighting.git|1d85c692615a25fe2293bdd44b34c217d5d2bf04
